{
  "name": "garbados-arcade-clj",
  "lockfileVersion": 3,
  "requires": true,
  "packages": {
    "": {
      "dependencies": {
        "@pixi/ui": "^2.2.1",
        "pixi.js": "^8.19.0"
      },
      "devDependencies": {
        "shadow-cljs": "^3.4.11"
      }
    },
    "node_modules/@pixi/colord": {
      "version": "2.9.6",
      "resolved": "https://registry.npmjs.org/@pixi/colord/-/colord-2.9.6.tgz",
      "integrity": "sha512-nezytU2pw587fQstUu1AsJZDVEynjskwOL+kibwcdxsMBFqPsFFNA7xl0ii/gXuDi6M0xj3mfRJj8pBSc2jCfA==",
      "license": "MIT"
    },
    "node_modules/@pixi/ui": {
      "version": "2.3.2",
      "resolved": "https://registry.npmjs.org/@pixi/ui/-/ui-2.3.2.tgz",
      "integrity": "sha512-HHQtAHxzirfl6bg9HgzyGGLIHqM/q3i0R+raQ9Wmp3VxLJTUviF655Syf9PWYC690xbS9uo0mRkXykoJNkHKhA==",
      "license": "MIT",
      "dependencies": {
        "tweedle.js": "^2.1.0",
        "typed-signals": "^2.5.0"
      },
      "peerDependencies": {
        "pixi.js": "^8.6.2"
      }
    },
    "node_modules/@types/earcut": {
      "version": "3.0.0",
      "resolved": "https://registry.npmjs.org/@types/earcut/-/earcut-3.0.0.tgz",
      "integrity": "sha512-k/9fOUGO39yd2sCjrbAJvGDEQvRwRnQIZlBz43roGwUZo5SHAmyVvSFyaVVZkicRVCaDXPKlbxrUcBuJoSWunQ==",
      "license": "MIT"
    },
    "node_modules/@webgpu/types": {
      "version": "0.1.71",
      "resolved": "https://registry.npmjs.org/@webgpu/types/-/types-0.1.71.tgz",
      "integrity": "sha512-mMy8/ODcKhab808co15eW+yN+HgXoQxRQHTiBV9Mrvl1r0ufnid7YOcI+gi4eUWSWl9ezD6TW2KXccrL8HCh2A==",
      "license": "BSD-3-Clause"
    },
    "node_modules/@xmldom/xmldom": {
      "version": "0.8.13",
      "resolved": "https://registry.npmjs.org/@xmldom/xmldom/-/xmldom-0.8.13.tgz",
      "integrity": "sha512-KRYzxepc14G/CEpEGc3Yn+JKaAeT63smlDr+vjB8jRfgTBBI9wRj/nkQEO+ucV8p8I9bfKLWp37uHgFrbntPvw==",
      "license": "MIT",
      "engines": {
        "node": ">=10.0.0"
      }
    },
    "node_modules/base64-js": {
      "version": "1.5.1",
      "resolved": "https://registry.npmjs.org/base64-js/-/base64-js-1.5.1.tgz",
      "integrity": "sha512-AKpaYlHn8t4SVbOHCy+b5+KKgvR4vrsD8vbvrbiQJps7fKDTkjkDry6ji0rUJjC0kzbNePLwzxq8iypo41qeWA==",
      "dev": true,
      "funding": [
        {
          "type": "github",
          "url": "https://github.com/sponsors/feross"
        },
        {
          "type": "patreon",
          "url": "https://www.patreon.com/feross"
        },
        {
          "type": "consulting",
          "url": "https://feross.org/support"
        }
      ],
      "license": "MIT"
    },
    "node_modules/buffer-from": {
      "version": "1.1.2",
      "resolved": "https://registry.npmjs.org/buffer-from/-/buffer-from-1.1.2.tgz",
      "integrity": "sha512-E+XQCRwSbaaiChtv6k6Dwgc+bx+Bs6vuKJHHl5kox/BaKbhiXzqQOwK4cO22yElGp2OCmjwVhT3HmxgyPGnJfQ==",
      "dev": true,
      "license": "MIT"
    },
    "node_modules/earcut": {
      "version": "3.2.2",
      "resolved": "https://registry.npmjs.org/earcut/-/earcut-3.2.2.tgz",
      "integrity": "sha512-PDQoCIlNXct9iyAL03C1TbTURwQ+DGkJsNSW3Aai+VRrW4uA3XKDdV3OwQUAGsdZyVZwB9FjW5O/Jag36Y7NmA==",
      "license": "ISC"
    },
    "node_modules/eventemitter3": {
      "version": "5.0.4",
      "resolved": "https://registry.npmjs.org/eventemitter3/-/eventemitter3-5.0.4.tgz",
      "integrity": "sha512-mlsTRyGaPBjPedk6Bvw+aqbsXDtoAyAzm5MO7JgU+yVRyMQ5O8bD4Kcci7BS85f93veegeCPkL8R4GLClnjLFw==",
      "license": "MIT"
    },
    "node_modules/gifuct-js": {
      "version": "2.1.2",
      "resolved": "https://registry.npmjs.org/gifuct-js/-/gifuct-js-2.1.2.tgz",
      "integrity": "sha512-rI2asw77u0mGgwhV3qA+OEgYqaDn5UNqgs+Bx0FGwSpuqfYn+Ir6RQY5ENNQ8SbIiG/m5gVa7CD5RriO4f4Lsg==",
      "license": "MIT",
      "dependencies": {
        "js-binary-schema-parser": "^2.0.3"
      }
    },
    "node_modules/ieee754": {
      "version": "1.2.1",
      "resolved": "https://registry.npmjs.org/ieee754/-/ieee754-1.2.1.tgz",
      "integrity": "sha512-dcyqhDvX1C46lXZcVqCpK+FtMRQVdIMN6/Df5js2zouUsqG7I6sFxitIC+7KYK29KdXOLHdu9zL4sFnoVQnqaA==",
      "dev": true,
      "funding": [
        {
          "type": "github",
          "url": "https://github.com/sponsors/feross"
        },
        {
          "type": "patreon",
          "url": "https://www.patreon.com/feross"
        },
        {
          "type": "consulting",
          "url": "https://feross.org/support"
        }
      ],
      "license": "BSD-3-Clause"
    },
    "node_modules/ismobilejs": {
      "version": "1.1.1",
      "resolved": "https://registry.npmjs.org/ismobilejs/-/ismobilejs-1.1.1.tgz",
      "integrity": "sha512-VaFW53yt8QO61k2WJui0dHf4SlL8lxBofUuUmwBo0ljPk0Drz2TiuDW4jo3wDcv41qy/SxrJ+VAzJ/qYqsmzRw==",
      "license": "MIT"
    },
    "node_modules/js-binary-schema-parser": {
      "version": "2.0.3",
      "resolved": "https://registry.npmjs.org/js-binary-schema-parser/-/js-binary-schema-parser-2.0.3.tgz",
      "integrity": "sha512-xezGJmOb4lk/M1ZZLTR/jaBHQ4gG/lqQnJqdIv4721DMggsa1bDVlHXNeHYogaIEHD9vCRv0fcL4hMA+Coarkg==",
      "license": "MIT"
    },
    "node_modules/parse-svg-path": {
      "version": "0.2.0",
      "resolved": "https://registry.npmjs.org/parse-svg-path/-/parse-svg-path-0.2.0.tgz",
      "integrity": "sha512-Tf7FFIrguPKQwzD4pWnYkR2VOv3raoHeKED80Bm+BYHI3KxC8KsgsGC5+fSMzAGDA6UEk4bHvmi+RsjmL3khpg==",
      "license": "MIT"
    },
    "node_modules/pixi.js": {
      "version": "8.19.0",
      "resolved": "https://registry.npmjs.org/pixi.js/-/pixi.js-8.19.0.tgz",
      "integrity": "sha512-pq1O6emA/GFjjeF+8d3Pb5t7knD8FsnfWGqQcRjYjsqFZ7QdzG1XgjLDUu0DFJRbafjV5+g8iNLFBx0b9649lg==",
      "license": "MIT",
      "peer": true,
      "workspaces": [
        "examples",
        "playground"
      ],
      "dependencies": {
        "@pixi/colord": "^2.9.6",
        "@types/earcut": "^3.0.0",
        "@webgpu/types": "^0.1.69",
        "@xmldom/xmldom": "^0.8.13",
        "earcut": "^3.0.2",
        "eventemitter3": "^5.0.1",
        "gifuct-js": "^2.1.2",
        "ismobilejs": "^1.1.1",
        "parse-svg-path": "^0.2.0",
        "tiny-lru": "^11.4.7"
      },
      "funding": {
        "type": "opencollective",
        "url": "https://opencollective.com/pixijs"
      }
    },
    "node_modules/process": {
      "version": "0.11.10",
      "resolved": "https://registry.npmjs.org/process/-/process-0.11.10.tgz",
      "integrity": "sha512-cdGef/drWFoydD1JsMzuFf8100nZl+GT+yacc2bEced5f9Rjk4z+WtFUTBu9PhOi9j/jfmBPu0mMEY4wIdAF8A==",
      "dev": true,
      "license": "MIT",
      "engines": {
        "node": ">= 0.6.0"
      }
    },
    "node_modules/readline-sync": {
      "version": "1.4.10",
      "resolved": "https://registry.npmjs.org/readline-sync/-/readline-sync-1.4.10.tgz",
      "integrity": "sha512-gNva8/6UAe8QYepIQH/jQ2qn91Qj0B9sYjMBBs3QOB8F2CXcKgLxQaJRP76sWVRQt+QU+8fAkCbCvjjMFu7Ycw==",
      "dev": true,
      "license": "MIT",
      "engines": {
        "node": ">= 0.8.0"
      }
    },
    "node_modules/shadow-cljs": {
      "version": "3.4.11",
      "resolved": "https://registry.npmjs.org/shadow-cljs/-/shadow-cljs-3.4.11.tgz",
      "integrity": "sha512-996uqtadZItXdD80Vtoh9IoE8oUOKoXOXd48gOxkZWUAHcxgcBlcRqMmPYiy4A1QqvSUQkdNGpv9AIWOgLx9Vg==",
      "dev": true,
      "license": "ISC",
      "dependencies": {
        "buffer": "^6.0.3",
        "process": "^0.11.10",
        "readline-sync": "^1.4.10",
        "shadow-cljs-jar": "1.3.4",
        "source-map-support": "^0.5.21",
        "which": "^5.0.0",
        "ws": "^8.18.1"
      },
      "bin": {
        "shadow-cljs": "cli/runner.js"
      },
      "engines": {
        "node": ">=6.0.0"
      }
    },
    "node_modules/shadow-cljs-jar": {
      "version": "1.3.4",
      "resolved": "https://registry.npmjs.org/shadow-cljs-jar/-/shadow-cljs-jar-1.3.4.tgz",
      "integrity": "sha512-cZB2pzVXBnhpJ6PQdsjO+j/MksR28mv4QD/hP/2y1fsIa9Z9RutYgh3N34FZ8Ktl4puAXaIGlct+gMCJ5BmwmA==",
      "dev": true,
      "license": "ISC"
    },
    "node_modules/shadow-cljs/node_modules/buffer": {
      "version": "6.0.3",
      "resolved": "https://registry.npmjs.org/buffer/-/buffer-6.0.3.tgz",
      "integrity": "sha512-FTiCpNxtwiZZHEZbcbTIcZjERVICn9yq/pDFkTl95/AxzD1naBctN7YO68riM/gLSDY7sdrMby8hofADYuuqOA==",
      "dev": true,
      "funding": [
        {
          "type": "github",
          "url": "https://github.com/sponsors/feross"
        },
        {
          "type": "patreon",
          "url": "https://www.patreon.com/feross"
        },
        {
          "type": "consulting",
          "url": "https://feross.org/support"
        }
      ],
      "license": "MIT",
      "dependencies": {
        "base64-js": "^1.3.1",
        "ieee754": "^1.2.1"
      }
    },
    "node_modules/shadow-cljs/node_modules/isexe": {
      "version": "3.1.5",
      "resolved": "https://registry.npmjs.org/isexe/-/isexe-3.1.5.tgz",
      "integrity": "sha512-6B3tLtFqtQS4ekarvLVMZ+X+VlvQekbe4taUkf/rhVO3d/h0M2rfARm/pXLcPEsjjMsFgrFgSrhQIxcSVrBz8w==",
      "dev": true,
      "license": "BlueOak-1.0.0",
      "engines": {
        "node": ">=18"
      }
    },
    "node_modules/shadow-cljs/node_modules/which": {
      "version": "5.0.0",
      "resolved": "https://registry.npmjs.org/which/-/which-5.0.0.tgz",
      "integrity": "sha512-JEdGzHwwkrbWoGOlIHqQ5gtprKGOenpDHpxE9zVR1bWbOtYRyPPHMe9FaP6x61CmNaTThSkb0DAJte5jD+DmzQ==",
      "dev": true,
      "license": "ISC",
      "dependencies": {
        "isexe": "^3.1.1"
      },
      "bin": {
        "node-which": "bin/which.js"
      },
      "engines": {
        "node": "^18.17.0 || >=20.5.0"
      }
    },
    "node_modules/source-map": {
      "version": "0.6.1",
      "resolved": "https://registry.npmjs.org/source-map/-/source-map-0.6.1.tgz",
      "integrity": "sha512-UjgapumWlbMhkBgzT7Ykc5YXUT46F0iKu8SGXq0bcwP5dz/h0Plj6enJqjz1Zbq2l5WaqYnrVbwWOWMyF3F47g==",
      "dev": true,
      "license": "BSD-3-Clause",
      "engines": {
        "node": ">=0.10.0"
      }
    },
    "node_modules/source-map-support": {
      "version": "0.5.21",
      "resolved": "https://registry.npmjs.org/source-map-support/-/source-map-support-0.5.21.tgz",
      "integrity": "sha512-uBHU3L3czsIyYXKX88fdrGovxdSCoTGDRZ6SYXtSRxLZUzHg5P/66Ht6uoUlHu9EZod+inXhKo3qQgwXUT/y1w==",
      "dev": true,
      "license": "MIT",
      "dependencies": {
        "buffer-from": "^1.0.0",
        "source-map": "^0.6.0"
      }
    },
    "node_modules/tiny-lru": {
      "version": "11.4.7",
      "resolved": "https://registry.npmjs.org/tiny-lru/-/tiny-lru-11.4.7.tgz",
      "integrity": "sha512-w/Te7uMUVeH0CR8vZIjr+XiN41V+30lkDdK+NRIDCUYKKuL9VcmaUEmaPISuwGhLlrTGh5yu18lENtR9axSxYw==",
      "license": "BSD-3-Clause",
      "engines": {
        "node": ">=12"
      }
    },
    "node_modules/tweedle.js": {
      "version": "2.1.0",
      "resolved": "https://registry.npmjs.org/tweedle.js/-/tweedle.js-2.1.0.tgz",
      "integrity": "sha512-0ReQgVjepoZkE6t0upWNgCRbplHkQJQYk1LStXugwSR728GLFmGDRuaQJlxeC/iBlxud6+P1RdODjaO25vHAqw==",
      "license": "MIT"
    },
    "node_modules/typed-signals": {
      "version": "2.5.0",
      "resolved": "https://registry.npmjs.org/typed-signals/-/typed-signals-2.5.0.tgz",
      "integrity": "sha512-m9lHc3eBCJerXYdx+G0uWZihyUXdqTzzgOdqiDDsoUo75WjhFJH6vP5/6w/xhyu04zoxHUqgYhf9FEt85dk/Ng==",
      "license": "CC0-1.0"
    },
    "node_modules/ws": {
      "version": "8.21.0",
      "resolved": "https://registry.npmjs.org/ws/-/ws-8.21.0.tgz",
      "integrity": "sha512-Vsp28b7DRcimFQvrqu2Wek3z1iYxDCWqHYB8Qsnk/S4RfaCQzPGPyBNuVjJV3cd6UiKtUtp6sNM77gWvzcCH+g==",
      "dev": true,
      "license": "MIT",
      "engines": {
        "node": ">=10.0.0"
      },
      "peerDependencies": {
        "bufferutil": "^4.0.1",
        "utf-8-validate": ">=5.0.2"
      },
      "peerDependenciesMeta": {
        "bufferutil": {
          "optional": true
        },
        "utf-8-validate": {
          "optional": true
        }
      }
    }
  }
}
